
Microsoft Visual Studio Solution File, Format Version 12.00
# Visual Studio Version 17
VisualStudioVersion = 17.3.32922.545
MinimumVisualStudioVersion = 10.0.40219.1
Project("{2150E333-8FDC-42A3-9474-1A3956D46DE8}") = "src", "src", "{F912FF1B-4569-412F-9CEE-F94E31F173A6}"
EndProject
Project("{2150E333-8FDC-42A3-9474-1A3956D46DE8}") = "tests", "tests", "{02BEC3FE-E828-49E3-9CBD-85E781A7663E}"
EndProject
Project("{FAE04EC0-301F-11D3-BF4B-00C04F79EFBC}") = "HandleDataConcurrency.Api", "src\HandleDataConcurrencies.Api\HandleDataConcurrency.Api.csproj", "{1EA5E13C-1621-4312-BA7B-F566EA65ABBD}"
EndProject
Project("{FAE04EC0-301F-11D3-BF4B-00C04F79EFBC}") = "HandleDataConcurrency.ApiTests", "tests\HandleDataConcurrency.ApiTests\HandleDataConcurrency.ApiTests.csproj", "{3AB3AC5F-7A0D-487F-A79E-AE04CD649E79}"
EndProject
Global
	GlobalSection(SolutionProperties) = preSolution
		HideSolutionNode = FALSE
	EndGlobalSection
	GlobalSection(ExtensibilityGlobals) = postSolution
		SolutionGuid = {CEAA44CB-17EE-48E6-A088-3CDBBE01A1B3}
	EndGlobalSection
	GlobalSection(SolutionConfigurationPlatforms) = preSolution
		Debug|Any CPU = Debug|Any CPU
		Debug|x64 = Debug|x64
		Debug|x86 = Debug|x86
		Release|Any CPU = Release|Any CPU
		Release|x64 = Release|x64
		Release|x86 = Release|x86
	EndGlobalSection
	GlobalSection(ProjectConfigurationPlatforms) = postSolution
		{1EA5E13C-1621-4312-BA7B-F566EA65ABBD}.Debug|Any CPU.ActiveCfg = Debug|Any CPU
		{1EA5E13C-1621-4312-BA7B-F566EA65ABBD}.Debug|Any CPU.Build.0 = Debug|Any CPU
		{1EA5E13C-1621-4312-BA7B-F566EA65ABBD}.Debug|x64.ActiveCfg = Debug|Any CPU
		{1EA5E13C-1621-4312-BA7B-F566EA65ABBD}.Debug|x64.Build.0 = Debug|Any CPU
		{1EA5E13C-1621-4312-BA7B-F566EA65ABBD}.Debug|x86.ActiveCfg = Debug|Any CPU
		{1EA5E13C-1621-4312-BA7B-F566EA65ABBD}.Debug|x86.Build.0 = Debug|Any CPU
		{1EA5E13C-1621-4312-BA7B-F566EA65ABBD}.Release|Any CPU.ActiveCfg = Release|Any CPU
		{1EA5E13C-1621-4312-BA7B-F566EA65ABBD}.Release|Any CPU.Build.0 = Release|Any CPU
		{1EA5E13C-1621-4312-BA7B-F566EA65ABBD}.Release|x64.ActiveCfg = Release|Any CPU
		{1EA5E13C-1621-4312-BA7B-F566EA65ABBD}.Release|x64.Build.0 = Release|Any CPU
		{1EA5E13C-1621-4312-BA7B-F566EA65ABBD}.Release|x86.ActiveCfg = Release|Any CPU
		{1EA5E13C-1621-4312-BA7B-F566EA65ABBD}.Release|x86.Build.0 = Release|Any CPU
		{3AB3AC5F-7A0D-487F-A79E-AE04CD649E79}.Debug|Any CPU.ActiveCfg = Debug|Any CPU
		{3AB3AC5F-7A0D-487F-A79E-AE04CD649E79}.Debug|Any CPU.Build.0 = Debug|Any CPU
		{3AB3AC5F-7A0D-487F-A79E-AE04CD649E79}.Debug|x64.ActiveCfg = Debug|Any CPU
		{3AB3AC5F-7A0D-487F-A79E-AE04CD649E79}.Debug|x64.Build.0 = Debug|Any CPU
		{3AB3AC5F-7A0D-487F-A79E-AE04CD649E79}.Debug|x86.ActiveCfg = Debug|Any CPU
		{3AB3AC5F-7A0D-487F-A79E-AE04CD649E79}.Debug|x86.Build.0 = Debug|Any CPU
		{3AB3AC5F-7A0D-487F-A79E-AE04CD649E79}.Release|Any CPU.ActiveCfg = Release|Any CPU
		{3AB3AC5F-7A0D-487F-A79E-AE04CD649E79}.Release|Any CPU.Build.0 = Release|Any CPU
		{3AB3AC5F-7A0D-487F-A79E-AE04CD649E79}.Release|x64.ActiveCfg = Release|Any CPU
		{3AB3AC5F-7A0D-487F-A79E-AE04CD649E79}.Release|x64.Build.0 = Release|Any CPU
		{3AB3AC5F-7A0D-487F-A79E-AE04CD649E79}.Release|x86.ActiveCfg = Release|Any CPU
		{3AB3AC5F-7A0D-487F-A79E-AE04CD649E79}.Release|x86.Build.0 = Release|Any CPU
	EndGlobalSection
	GlobalSection(NestedProjects) = preSolution
		{1EA5E13C-1621-4312-BA7B-F566EA65ABBD} = {F912FF1B-4569-412F-9CEE-F94E31F173A6}
		{3AB3AC5F-7A0D-487F-A79E-AE04CD649E79} = {02BEC3FE-E828-49E3-9CBD-85E781A7663E}
	EndGlobalSection
EndGlobal
