
Microsoft Visual Studio Solution File, Format Version 12.00
# Visual Studio Version 17
VisualStudioVersion = 17.3.32922.545
MinimumVisualStudioVersion = 10.0.40219.1
Project("{2150E333-8FDC-42A3-9474-1A3956D46DE8}") = "src", "src", "{F912FF1B-4569-412F-9CEE-F94E31F173A6}"
EndProject
Project("{2150E333-8FDC-42A3-9474-1A3956D46DE8}") = "tests", "tests", "{02BEC3FE-E828-49E3-9CBD-85E781A7663E}"
EndProject
Project("{9A19103F-16F7-4668-BE54-9A1E7A4F7556}") = "HandleDataConcurrency", "src\HandleDataConcurrencies\HandleDataConcurrency.csproj", "{B9625D0C-D0BB-450D-98E6-AB8CB42077BD}"
EndProject
Project("{FAE04EC0-301F-11D3-BF4B-00C04F79EFBC}") = "HandleDataConcurrency.UnitTests", "tests\HandleDataConcurrency.UnitTests\HandleDataConcurrency.UnitTests.csproj", "{3D92A101-2178-4F64-81DE-570EC08794C1}"
EndProject
Global
	GlobalSection(SolutionConfigurationPlatforms) = preSolution
		Debug|Any CPU = Debug|Any CPU
		Debug|x64 = Debug|x64
		Debug|x86 = Debug|x86
		Release|Any CPU = Release|Any CPU
		Release|x64 = Release|x64
		Release|x86 = Release|x86
	EndGlobalSection
	GlobalSection(ProjectConfigurationPlatforms) = postSolution
		{B9625D0C-D0BB-450D-98E6-AB8CB42077BD}.Debug|Any CPU.ActiveCfg = Debug|Any CPU
		{B9625D0C-D0BB-450D-98E6-AB8CB42077BD}.Debug|Any CPU.Build.0 = Debug|Any CPU
		{B9625D0C-D0BB-450D-98E6-AB8CB42077BD}.Debug|x64.ActiveCfg = Debug|Any CPU
		{B9625D0C-D0BB-450D-98E6-AB8CB42077BD}.Debug|x64.Build.0 = Debug|Any CPU
		{B9625D0C-D0BB-450D-98E6-AB8CB42077BD}.Debug|x86.ActiveCfg = Debug|Any CPU
		{B9625D0C-D0BB-450D-98E6-AB8CB42077BD}.Debug|x86.Build.0 = Debug|Any CPU
		{B9625D0C-D0BB-450D-98E6-AB8CB42077BD}.Release|Any CPU.ActiveCfg = Release|Any CPU
		{B9625D0C-D0BB-450D-98E6-AB8CB42077BD}.Release|Any CPU.Build.0 = Release|Any CPU
		{B9625D0C-D0BB-450D-98E6-AB8CB42077BD}.Release|x64.ActiveCfg = Release|Any CPU
		{B9625D0C-D0BB-450D-98E6-AB8CB42077BD}.Release|x64.Build.0 = Release|Any CPU
		{B9625D0C-D0BB-450D-98E6-AB8CB42077BD}.Release|x86.ActiveCfg = Release|Any CPU
		{B9625D0C-D0BB-450D-98E6-AB8CB42077BD}.Release|x86.Build.0 = Release|Any CPU
		{3D92A101-2178-4F64-81DE-570EC08794C1}.Debug|Any CPU.ActiveCfg = Debug|Any CPU
		{3D92A101-2178-4F64-81DE-570EC08794C1}.Debug|Any CPU.Build.0 = Debug|Any CPU
		{3D92A101-2178-4F64-81DE-570EC08794C1}.Debug|x64.ActiveCfg = Debug|Any CPU
		{3D92A101-2178-4F64-81DE-570EC08794C1}.Debug|x64.Build.0 = Debug|Any CPU
		{3D92A101-2178-4F64-81DE-570EC08794C1}.Debug|x86.ActiveCfg = Debug|Any CPU
		{3D92A101-2178-4F64-81DE-570EC08794C1}.Debug|x86.Build.0 = Debug|Any CPU
		{3D92A101-2178-4F64-81DE-570EC08794C1}.Release|Any CPU.ActiveCfg = Release|Any CPU
		{3D92A101-2178-4F64-81DE-570EC08794C1}.Release|Any CPU.Build.0 = Release|Any CPU
		{3D92A101-2178-4F64-81DE-570EC08794C1}.Release|x64.ActiveCfg = Release|Any CPU
		{3D92A101-2178-4F64-81DE-570EC08794C1}.Release|x64.Build.0 = Release|Any CPU
		{3D92A101-2178-4F64-81DE-570EC08794C1}.Release|x86.ActiveCfg = Release|Any CPU
		{3D92A101-2178-4F64-81DE-570EC08794C1}.Release|x86.Build.0 = Release|Any CPU
	EndGlobalSection
	GlobalSection(SolutionProperties) = preSolution
		HideSolutionNode = FALSE
	EndGlobalSection
	GlobalSection(NestedProjects) = preSolution
		{B9625D0C-D0BB-450D-98E6-AB8CB42077BD} = {F912FF1B-4569-412F-9CEE-F94E31F173A6}
		{3D92A101-2178-4F64-81DE-570EC08794C1} = {02BEC3FE-E828-49E3-9CBD-85E781A7663E}
	EndGlobalSection
	GlobalSection(ExtensibilityGlobals) = postSolution
		SolutionGuid = {CEAA44CB-17EE-48E6-A088-3CDBBE01A1B3}
	EndGlobalSection
EndGlobal
